
Microsoft Visual Studio Solution File, Format Version 12.00
# Visual Studio Version 17
VisualStudioVersion = 17.11.35431.28
MinimumVisualStudioVersion = 10.0.40219.1
Project("{FAE04EC0-301F-11D3-BF4B-00C04F79EFBC}") = "FloatingPointMysteries", "FloatingPointMysteries.csproj", "{CDCE4D27-B535-48E9-9441-6B5E1467BF0C}"
EndProject
Global
	GlobalSection(SolutionConfigurationPlatforms) = preSolution
		Debug|Any CPU = Debug|Any CPU
		Release|Any CPU = Release|Any CPU
	EndGlobalSection
	GlobalSection(ProjectConfigurationPlatforms) = postSolution
		{CDCE4D27-B535-48E9-9441-6B5E1467BF0C}.Debug|Any CPU.ActiveCfg = Debug|Any CPU
		{CDCE4D27-B535-48E9-9441-6B5E1467BF0C}.Debug|Any CPU.Build.0 = Debug|Any CPU
		{CDCE4D27-B535-48E9-9441-6B5E1467BF0C}.Release|Any CPU.ActiveCfg = Release|Any CPU
		{CDCE4D27-B535-48E9-9441-6B5E1467BF0C}.Release|Any CPU.Build.0 = Release|Any CPU
	EndGlobalSection
	GlobalSection(SolutionProperties) = preSolution
		HideSolutionNode = FALSE
	EndGlobalSection
	GlobalSection(ExtensibilityGlobals) = postSolution
		SolutionGuid = {F4D44799-0F17-4645-8735-FA5B1F86175B}
	EndGlobalSection
EndGlobal
